
Microsoft Visual Studio Solution File, Format Version 12.00
# Visual Studio 15
VisualStudioVersion = 15.0.27703.2035
MinimumVisualStudioVersion = 10.0.40219.1
Project("{FAE04EC0-301F-11D3-BF4B-00C04F79EFBC}") = "Livraria", "Livraria\Livraria.csproj", "{8E4DBDAB-9A83-47E2-83C6-9272105FCB1E}"
EndProject
Global
	GlobalSection(SolutionConfigurationPlatforms) = preSolution
		Debug|Any CPU = Debug|Any CPU
		Release|Any CPU = Release|Any CPU
	EndGlobalSection
	GlobalSection(ProjectConfigurationPlatforms) = postSolution
		{8E4DBDAB-9A83-47E2-83C6-9272105FCB1E}.Debug|Any CPU.ActiveCfg = Debug|Any CPU
		{8E4DBDAB-9A83-47E2-83C6-9272105FCB1E}.Debug|Any CPU.Build.0 = Debug|Any CPU
		{8E4DBDAB-9A83-47E2-83C6-9272105FCB1E}.Release|Any CPU.ActiveCfg = Release|Any CPU
		{8E4DBDAB-9A83-47E2-83C6-9272105FCB1E}.Release|Any CPU.Build.0 = Release|Any CPU
	EndGlobalSection
	GlobalSection(SolutionProperties) = preSolution
		HideSolutionNode = FALSE
	EndGlobalSection
	GlobalSection(ExtensibilityGlobals) = postSolution
		SolutionGuid = {F760B7AA-61F5-410E-B693-DCFE6795B9F2}
	EndGlobalSection
EndGlobal
